
Microsoft Visual Studio Solution File, Format Version 12.00
# Visual Studio Version 16
VisualStudioVersion = 16.0.31112.23
MinimumVisualStudioVersion = 10.0.40219.1
Project("{FAE04EC0-301F-11D3-BF4B-00C04F79EFBC}") = "BeehiveManagementSystem", "BeehiveManagementSystem\BeehiveManagementSystem.csproj", "{BF602E98-CB42-4ED8-B7AE-B3B8FE587D34}"
EndProject
Global
	GlobalSection(SolutionConfigurationPlatforms) = preSolution
		Debug|Any CPU = Debug|Any CPU
		Release|Any CPU = Release|Any CPU
	EndGlobalSection
	GlobalSection(ProjectConfigurationPlatforms) = postSolution
		{BF602E98-CB42-4ED8-B7AE-B3B8FE587D34}.Debug|Any CPU.ActiveCfg = Debug|Any CPU
		{BF602E98-CB42-4ED8-B7AE-B3B8FE587D34}.Debug|Any CPU.Build.0 = Debug|Any CPU
		{BF602E98-CB42-4ED8-B7AE-B3B8FE587D34}.Release|Any CPU.ActiveCfg = Release|Any CPU
		{BF602E98-CB42-4ED8-B7AE-B3B8FE587D34}.Release|Any CPU.Build.0 = Release|Any CPU
	EndGlobalSection
	GlobalSection(SolutionProperties) = preSolution
		HideSolutionNode = FALSE
	EndGlobalSection
	GlobalSection(ExtensibilityGlobals) = postSolution
		SolutionGuid = {CD646950-B6D1-4F2B-8FB0-468116C788F4}
	EndGlobalSection
EndGlobal
